
Microsoft Visual Studio Solution File, Format Version 12.00
# Visual Studio Version 16
VisualStudioVersion = 16.0.29911.84
MinimumVisualStudioVersion = 10.0.40219.1
Project("{FAE04EC0-301F-11D3-BF4B-00C04F79EFBC}") = "EjemploTabs_2021", "EjemploTabs_2021.csproj", "{12583C6D-4DF0-4E7B-A75F-791EC513FB03}"
EndProject
Global
	GlobalSection(SolutionConfigurationPlatforms) = preSolution
		Debug|Any CPU = Debug|Any CPU
		Release|Any CPU = Release|Any CPU
	EndGlobalSection
	GlobalSection(ProjectConfigurationPlatforms) = postSolution
		{12583C6D-4DF0-4E7B-A75F-791EC513FB03}.Debug|Any CPU.ActiveCfg = Debug|Any CPU
		{12583C6D-4DF0-4E7B-A75F-791EC513FB03}.Debug|Any CPU.Build.0 = Debug|Any CPU
		{12583C6D-4DF0-4E7B-A75F-791EC513FB03}.Release|Any CPU.ActiveCfg = Release|Any CPU
		{12583C6D-4DF0-4E7B-A75F-791EC513FB03}.Release|Any CPU.Build.0 = Release|Any CPU
	EndGlobalSection
	GlobalSection(SolutionProperties) = preSolution
		HideSolutionNode = FALSE
	EndGlobalSection
	GlobalSection(ExtensibilityGlobals) = postSolution
		SolutionGuid = {2E197307-BB72-40DC-A015-5D67D895A3BE}
	EndGlobalSection
EndGlobal
